{
  "version": 4,
  "terraform_version": "1.12.2",
  "serial": 1,
  "lineage": "54b03119-b102-b559-9a63-5621119a881a",
  "outputs": {},
  "resources": [
    {
      "mode": "managed",
      "type": "astro_workspace",
      "name": "e-on_workspace",
      "provider": "provider[\"registry.terraform.io/astronomer/astro\"]",
      "instances": [
        {
          "schema_version": 0,
          "attributes": {
            "cicd_enforced_default": false,
            "created_at": "2025-08-19 06:40:41.924478916 +0000 UTC",
            "created_by": {
              "api_token_name": "kraken_demo",
              "avatar_url": null,
              "full_name": null,
              "id": "cmeh2sw4t1ret01l5zqoa934k",
              "subject_type": "SERVICEKEY",
              "username": null
            },
            "description": "Customer Workspace",
            "id": "cmei6d2v822rw01l5m1jq21a7",
            "name": "E.ON Workspace",
            "updated_at": "2025-08-19 06:40:41.924478916 +0000 UTC",
            "updated_by": {
              "api_token_name": "kraken_demo",
              "avatar_url": null,
              "full_name": null,
              "id": "cmeh2sw4t1ret01l5zqoa934k",
              "subject_type": "SERVICEKEY",
              "username": null
            }
          },
          "sensitive_attributes": [],
          "identity_schema_version": 0
        }
      ]
    }
  ],
  "check_results": null
}
