{
  "version": 4,
  "terraform_version": "1.12.2",
  "serial": 11,
  "lineage": "b294b77a-b797-98a1-1818-2b8ff609dc18",
  "outputs": {},
  "resources": [
    {
      "mode": "managed",
      "type": "astro_deployment",
      "name": "octopud_energy_dev",
      "provider": "provider[\"registry.terraform.io/astronomer/astro\"]",
      "instances": [
        {
          "schema_version": 0,
          "attributes": {
            "airflow_version": "3.0.4",
            "astro_runtime_version": "3.0-7",
            "cloud_provider": "AWS",
            "cluster_id": null,
            "contact_emails": [],
            "created_at": "2025-08-18 19:00:22.505 +0000 UTC",
            "created_by": {
              "api_token_name": "kraken_demo",
              "avatar_url": null,
              "full_name": null,
              "id": "cmeh2sw4t1ret01l5zqoa934k",
              "subject_type": "SERVICEKEY",
              "username": null
            },
            "dag_tarball_version": null,
            "default_task_pod_cpu": "0.25",
            "default_task_pod_memory": "0.5Gi",
            "description": "Octopus Energy Dev Deployment",
            "desired_dag_tarball_version": null,
            "desired_workload_identity": null,
            "environment_variables": [],
            "executor": "CELERY",
            "external_ips": [
              "34.193.31.85",
              "44.222.48.43"
            ],
            "id": "cmehhcga11wvs01mdkjb7i170",
            "image_repository": "astrocrpublic.azurecr.io/runtime",
            "image_tag": "3.0-7",
            "image_version": null,
            "is_cicd_enforced": true,
            "is_dag_deploy_enabled": true,
            "is_development_mode": false,
            "is_high_availability": false,
            "name": "Octopus Energy Dev",
            "namespace": "modern-scalar-6475",
            "oidc_issuer_url": "oidc.eks.us-east-1.amazonaws.com/id/7E982D6BC953EACE2DDCED797EC221C1",
            "original_astro_runtime_version": null,
            "region": "us-east-1",
            "remote_execution": null,
            "resource_quota_cpu": "10",
            "resource_quota_memory": "20Gi",
            "scaling_spec": null,
            "scaling_status": null,
            "scheduler_au": null,
            "scheduler_cpu": "1",
            "scheduler_memory": "2Gi",
            "scheduler_replicas": 1,
            "scheduler_size": "SMALL",
            "status": "CREATING",
            "status_reason": null,
            "task_pod_node_pool_id": null,
            "type": "STANDARD",
            "updated_at": "2025-08-18 19:00:22.505 +0000 UTC",
            "updated_by": {
              "api_token_name": "kraken_demo",
              "avatar_url": null,
              "full_name": null,
              "id": "cmeh2sw4t1ret01l5zqoa934k",
              "subject_type": "SERVICEKEY",
              "username": null
            },
            "webserver_airflow_api_url": "cmeh2oc1h1tc701hunt25r0gj.astronomer.run/djb7i170/api/v2",
            "webserver_ingress_hostname": "cmebivmy20cqh01hutjp5o23r.astronomer.run/djb7i170",
            "webserver_url": "cmeh2oc1h1tc701hunt25r0gj.astronomer.run/djb7i170",
            "worker_queues": [
              {
                "astro_machine": "A5",
                "is_default": true,
                "max_worker_count": 10,
                "min_worker_count": 0,
                "name": "default",
                "node_pool_id": null,
                "pod_cpu": "1",
                "pod_memory": "2Gi",
                "worker_concurrency": 1
              }
            ],
            "workload_identity": "arn:aws:iam::700010564577:role/astro-modern-scalar-6475",
            "workspace_id": "cmehhcg011ygi01huvbh28zrg"
          },
          "sensitive_attributes": [],
          "identity_schema_version": 0,
          "dependencies": [
            "astro_workspace.octopus_enery_workspace"
          ]
        }
      ]
    },
    {
      "mode": "managed",
      "type": "astro_deployment",
      "name": "octopud_energy_prod",
      "provider": "provider[\"registry.terraform.io/astronomer/astro\"]",
      "instances": [
        {
          "schema_version": 0,
          "attributes": {
            "airflow_version": "3.0.4",
            "astro_runtime_version": "3.0-7",
            "cloud_provider": "AWS",
            "cluster_id": null,
            "contact_emails": [],
            "created_at": "2025-08-18 19:00:22.611 +0000 UTC",
            "created_by": {
              "api_token_name": "kraken_demo",
              "avatar_url": null,
              "full_name": null,
              "id": "cmeh2sw4t1ret01l5zqoa934k",
              "subject_type": "SERVICEKEY",
              "username": null
            },
            "dag_tarball_version": null,
            "default_task_pod_cpu": "0.25",
            "default_task_pod_memory": "0.5Gi",
            "description": "Octopus Energy Prod Deployment",
            "desired_dag_tarball_version": null,
            "desired_workload_identity": null,
            "environment_variables": [],
            "executor": "CELERY",
            "external_ips": [
              "34.193.31.85",
              "44.222.48.43"
            ],
            "id": "cmehhcgee1wvy01md3zijt61q",
            "image_repository": "astrocrpublic.azurecr.io/runtime",
            "image_tag": "3.0-7",
            "image_version": null,
            "is_cicd_enforced": true,
            "is_dag_deploy_enabled": true,
            "is_development_mode": false,
            "is_high_availability": false,
            "name": "Octopus Energy Prod",
            "namespace": "scientific-pascal-1250",
            "oidc_issuer_url": "oidc.eks.us-east-1.amazonaws.com/id/7E982D6BC953EACE2DDCED797EC221C1",
            "original_astro_runtime_version": null,
            "region": "us-east-1",
            "remote_execution": null,
            "resource_quota_cpu": "10",
            "resource_quota_memory": "20Gi",
            "scaling_spec": null,
            "scaling_status": null,
            "scheduler_au": null,
            "scheduler_cpu": "1",
            "scheduler_memory": "2Gi",
            "scheduler_replicas": 1,
            "scheduler_size": "SMALL",
            "status": "CREATING",
            "status_reason": null,
            "task_pod_node_pool_id": null,
            "type": "STANDARD",
            "updated_at": "2025-08-18 19:00:22.611 +0000 UTC",
            "updated_by": {
              "api_token_name": "kraken_demo",
              "avatar_url": null,
              "full_name": null,
              "id": "cmeh2sw4t1ret01l5zqoa934k",
              "subject_type": "SERVICEKEY",
              "username": null
            },
            "webserver_airflow_api_url": "cmeh2oc1h1tc701hunt25r0gj.astronomer.run/dzijt61q/api/v2",
            "webserver_ingress_hostname": "cmebivmy20cqh01hutjp5o23r.astronomer.run/dzijt61q",
            "webserver_url": "cmeh2oc1h1tc701hunt25r0gj.astronomer.run/dzijt61q",
            "worker_queues": [
              {
                "astro_machine": "A5",
                "is_default": true,
                "max_worker_count": 10,
                "min_worker_count": 0,
                "name": "default",
                "node_pool_id": null,
                "pod_cpu": "1",
                "pod_memory": "2Gi",
                "worker_concurrency": 1
              }
            ],
            "workload_identity": "arn:aws:iam::700010564577:role/astro-scientific-pascal-1250",
            "workspace_id": "cmehhcg011ygi01huvbh28zrg"
          },
          "sensitive_attributes": [],
          "identity_schema_version": 0,
          "dependencies": [
            "astro_workspace.octopus_enery_workspace"
          ]
        }
      ]
    },
    {
      "mode": "managed",
      "type": "astro_workspace",
      "name": "octopus_enery_workspace",
      "provider": "provider[\"registry.terraform.io/astronomer/astro\"]",
      "instances": [
        {
          "schema_version": 0,
          "attributes": {
            "cicd_enforced_default": false,
            "created_at": "2025-08-18 19:00:21.889582584 +0000 UTC",
            "created_by": {
              "api_token_name": "kraken_demo",
              "avatar_url": null,
              "full_name": null,
              "id": "cmeh2sw4t1ret01l5zqoa934k",
              "subject_type": "SERVICEKEY",
              "username": null
            },
            "description": "Customer Workspace",
            "id": "cmehhcg011ygi01huvbh28zrg",
            "name": "Octopus Energy Workspace",
            "updated_at": "2025-08-18 19:00:21.889582584 +0000 UTC",
            "updated_by": {
              "api_token_name": "kraken_demo",
              "avatar_url": null,
              "full_name": null,
              "id": "cmeh2sw4t1ret01l5zqoa934k",
              "subject_type": "SERVICEKEY",
              "username": null
            }
          },
          "sensitive_attributes": [],
          "identity_schema_version": 0
        }
      ]
    }
  ],
  "check_results": null
}
