{
  "version": 4,
  "terraform_version": "1.12.2",
  "serial": 1,
  "lineage": "24af0f69-fe27-32ee-29f1-6e620ebb6e24",
  "outputs": {},
  "resources": [
    {
      "mode": "managed",
      "type": "astro_workspace",
      "name": "octopus_enery_workspace",
      "provider": "provider[\"registry.terraform.io/astronomer/astro\"]",
      "instances": [
        {
          "schema_version": 0,
          "attributes": {
            "cicd_enforced_default": false,
            "created_at": "2025-08-18 19:10:26.362103584 +0000 UTC",
            "created_by": {
              "api_token_name": "kraken_demo",
              "avatar_url": null,
              "full_name": null,
              "id": "cmeh2sw4t1ret01l5zqoa934k",
              "subject_type": "SERVICEKEY",
              "username": null
            },
            "description": "Customer Workspace",
            "id": "cmehhpeey1wjs01l5j45eyq5e",
            "name": "Octopus Energy Workspace",
            "updated_at": "2025-08-18 19:10:26.362103584 +0000 UTC",
            "updated_by": {
              "api_token_name": "kraken_demo",
              "avatar_url": null,
              "full_name": null,
              "id": "cmeh2sw4t1ret01l5zqoa934k",
              "subject_type": "SERVICEKEY",
              "username": null
            }
          },
          "sensitive_attributes": [],
          "identity_schema_version": 0
        }
      ]
    }
  ],
  "check_results": null
}
