{
  "version": 4,
  "terraform_version": "1.12.2",
  "serial": 1,
  "lineage": "f4e283b8-ea7a-4286-6dde-f8283ba830a7",
  "outputs": {},
  "resources": [
    {
      "mode": "managed",
      "type": "astro_workspace",
      "name": "origin_workspace",
      "provider": "provider[\"registry.terraform.io/astronomer/astro\"]",
      "instances": [
        {
          "schema_version": 0,
          "attributes": {
            "cicd_enforced_default": false,
            "created_at": "2025-08-19 06:45:35.002747731 +0000 UTC",
            "created_by": {
              "api_token_name": "kraken_demo",
              "avatar_url": null,
              "full_name": null,
              "id": "cmeh2sw4t1ret01l5zqoa934k",
              "subject_type": "SERVICEKEY",
              "username": null
            },
            "description": "Customer Workspace",
            "id": "cmei6jd0a256801hufl1hnzeh",
            "name": "Origin Workspace",
            "updated_at": "2025-08-19 06:45:35.002747731 +0000 UTC",
            "updated_by": {
              "api_token_name": "kraken_demo",
              "avatar_url": null,
              "full_name": null,
              "id": "cmeh2sw4t1ret01l5zqoa934k",
              "subject_type": "SERVICEKEY",
              "username": null
            }
          },
          "sensitive_attributes": [],
          "identity_schema_version": 0
        }
      ]
    }
  ],
  "check_results": null
}
